
Microsoft Visual Studio Solution File, Format Version 12.00
# Visual Studio Version 16
VisualStudioVersion = 16.0.29519.87
MinimumVisualStudioVersion = 10.0.40219.1
Project("{FAE04EC0-301F-11D3-BF4B-00C04F79EFBC}") = "LTTQ1", "LTTQ1\LTTQ1.csproj", "{83400E07-26A2-448B-94D3-7BEEDC3141BD}"
EndProject
Global
	GlobalSection(SolutionConfigurationPlatforms) = preSolution
		Debug|Any CPU = Debug|Any CPU
		Release|Any CPU = Release|Any CPU
	EndGlobalSection
	GlobalSection(ProjectConfigurationPlatforms) = postSolution
		{83400E07-26A2-448B-94D3-7BEEDC3141BD}.Debug|Any CPU.ActiveCfg = Debug|Any CPU
		{83400E07-26A2-448B-94D3-7BEEDC3141BD}.Debug|Any CPU.Build.0 = Debug|Any CPU
		{83400E07-26A2-448B-94D3-7BEEDC3141BD}.Release|Any CPU.ActiveCfg = Release|Any CPU
		{83400E07-26A2-448B-94D3-7BEEDC3141BD}.Release|Any CPU.Build.0 = Release|Any CPU
	EndGlobalSection
	GlobalSection(SolutionProperties) = preSolution
		HideSolutionNode = FALSE
	EndGlobalSection
	GlobalSection(ExtensibilityGlobals) = postSolution
		SolutionGuid = {DAE33143-6250-4741-9524-7338504D8E3E}
	EndGlobalSection
EndGlobal
